# THIS IS AN AUTOGENERATED FILE. DO NOT EDIT THIS FILE DIRECTLY.
# yarn lockfile v1


"@descope/access-key-management-widget@0.9.3":
  version "0.9.3"
  resolved "https://registry.yarnpkg.com/@descope/access-key-management-widget/-/access-key-management-widget-0.9.3.tgz#cce84c0a612664107851958f8b75a60750e5af49"
  integrity sha512-3aDMALuBgEvCrXyaup/NjMb28FR+kgs0i2g2d9XtoEivj4+QrJjEkqYmL6uLO2hNsrHqpj77pJaGU3G2r+BxgQ==
  dependencies:
    "@descope/sdk-component-drivers" "0.13.0"
    "@descope/sdk-helpers" "0.8.0"
    "@descope/sdk-mixins" "0.21.0"
    "@descope/web-js-sdk" "1.51.0"
    "@reduxjs/toolkit" "^2.0.1"
    immer "^10.0.3"
    redux "5.0.1"
    redux-thunk "3.1.0"
    reselect "5.1.1"
    tslib "2.8.1"

"@descope/applications-portal-widget@0.8.3":
  version "0.8.3"
  resolved "https://registry.yarnpkg.com/@descope/applications-portal-widget/-/applications-portal-widget-0.8.3.tgz#0db6e8d7503714f7ef60d19fbadf1924fb694c44"
  integrity sha512-Iac8jiv8JwhDOGEjdqFv0ZX0RwBi9gYzs7tk18suNlDkXXDwFthnxya1yPhgtxk1hykGbve1KPuPYNXjhRd8CQ==
  dependencies:
    "@descope/sdk-component-drivers" "0.13.0"
    "@descope/sdk-helpers" "0.8.0"
    "@descope/sdk-mixins" "0.21.0"
    "@descope/web-js-sdk" "1.51.0"
    "@reduxjs/toolkit" "^2.0.1"
    immer "^10.0.3"
    redux "5.0.1"
    redux-thunk "3.1.0"
    reselect "5.1.1"
    tslib "2.8.1"

"@descope/audit-management-widget@0.8.3":
  version "0.8.3"
  resolved "https://registry.yarnpkg.com/@descope/audit-management-widget/-/audit-management-widget-0.8.3.tgz#976b90c3a87d0376f8d8ea63833a8f621b3ec5dc"
  integrity sha512-QJcaGF8dMyKeEv2BaCWu84S5rUvudk6ZkwmCUAWx1bkuKIUkAW+wTnj28N92x/PdrZRJk3l6IkGXeAixrAOrag==
  dependencies:
    "@descope/sdk-component-drivers" "0.13.0"
    "@descope/sdk-helpers" "0.8.0"
    "@descope/sdk-mixins" "0.21.0"
    "@descope/web-js-sdk" "1.51.0"
    "@reduxjs/toolkit" "^2.0.1"
    immer "^10.0.3"
    redux "5.0.1"
    redux-thunk "3.1.0"
    reselect "5.1.1"
    tslib "2.8.1"

"@descope/core-js-sdk@2.65.0":
  version "2.65.0"
  resolved "https://registry.yarnpkg.com/@descope/core-js-sdk/-/core-js-sdk-2.65.0.tgz#f5f72cb6233ed93ed3879e7beb1f6f3e0451ca3f"
  integrity sha512-iClOeEsTbmlAkEpuJEWWTGREHHjLP+s6m37LtUq0tkMSL9b3Afe72xGW1PEpT6ROordlPK7E7F17QcneMQkeQQ==
  dependencies:
    jwt-decode "4.0.0"
    tslib "2.8.1"

"@descope/escape-markdown@0.1.6":
  version "0.1.6"
  resolved "https://registry.yarnpkg.com/@descope/escape-markdown/-/escape-markdown-0.1.6.tgz#66b5ce59d1ed29a3c43a51089d1d8682074670fe"
  integrity sha512-3ENrye8fyyAp88w8OoKGsEl/kH0GgcrPiDRoOajhCODOJnoJ8P/4/giBEjWZV/FKllW4Z5mSXGACEmlINOZLCA==

"@descope/outbound-applications-widget@0.4.4":
  version "0.4.4"
  resolved "https://registry.yarnpkg.com/@descope/outbound-applications-widget/-/outbound-applications-widget-0.4.4.tgz#f405e444369451f08383f76654ddc95ea5eb3377"
  integrity sha512-FUs+PFLgzhZ4RBqhPa7tRFT0YZmi3O6eyaSJwOuXJh90BcTp1ix+d5NnTW1b/eQ+qYGz4Rf4tle/HN7nm/BuLg==
  dependencies:
    "@descope/sdk-component-drivers" "0.13.0"
    "@descope/sdk-helpers" "0.8.0"
    "@descope/sdk-mixins" "0.21.0"
    "@descope/web-component" "3.69.3"
    "@descope/web-js-sdk" "1.51.0"
    "@reduxjs/toolkit" "^2.0.1"
    immer "^10.0.3"
    redux "5.0.1"
    redux-thunk "3.1.0"
    reselect "5.1.1"
    tslib "2.8.1"

"@descope/react-sdk@^2.29.5":
  version "2.29.5"
  resolved "https://registry.yarnpkg.com/@descope/react-sdk/-/react-sdk-2.29.5.tgz#77687e55cd9cab420bdbd8c9e8df8428a9819fd8"
  integrity sha512-FTen+89W9EYNCSt40FZCQPDFBbfQDEz/MxsEh+EcQAW6U7GyRaMGDcoTT7y05QLdSHyqca6bzEoBslc7lBwCXg==
  dependencies:
    "@descope/access-key-management-widget" "0.9.3"
    "@descope/applications-portal-widget" "0.8.3"
    "@descope/audit-management-widget" "0.8.3"
    "@descope/core-js-sdk" "2.65.0"
    "@descope/outbound-applications-widget" "0.4.4"
    "@descope/role-management-widget" "0.9.3"
    "@descope/sdk-helpers" "0.8.0"
    "@descope/tenant-profile-widget" "0.7.4"
    "@descope/user-management-widget" "0.14.4"
    "@descope/user-profile-widget" "0.12.5"
    "@descope/web-component" "3.69.3"
    "@descope/web-js-sdk" "1.51.0"

"@descope/role-management-widget@0.9.3":
  version "0.9.3"
  resolved "https://registry.yarnpkg.com/@descope/role-management-widget/-/role-management-widget-0.9.3.tgz#11d6faca3c1072785dad743d331a458c4bbdfa33"
  integrity sha512-19zW7m8rJ6IQYSw7xU5aW49ievj+AtziKaQLIoIG2s2rdXPumkohA2uSbcWENdoBs60+2bue0fpxuBn0aTVoMg==
  dependencies:
    "@descope/sdk-component-drivers" "0.13.0"
    "@descope/sdk-helpers" "0.8.0"
    "@descope/sdk-mixins" "0.21.0"
    "@descope/web-js-sdk" "1.51.0"
    "@reduxjs/toolkit" "^2.0.1"
    immer "^10.0.3"
    redux "5.0.1"
    redux-thunk "3.1.0"
    reselect "5.1.1"
    tslib "2.8.1"

"@descope/sdk-component-drivers@0.13.0":
  version "0.13.0"
  resolved "https://registry.yarnpkg.com/@descope/sdk-component-drivers/-/sdk-component-drivers-0.13.0.tgz#cc6ff838160fcf728a2152d9d46ccbcabcfbaab3"
  integrity sha512-+dvzjHkt0OJuU6W5+H57mmDWIbpklniWOumEa1kPhiqgtOFVaXL59gyiy1YOEVYDp2wQ4w+w3J4N0jDdX8ioFQ==
  dependencies:
    "@descope/sdk-helpers" "0.8.0"
    tslib "2.8.1"

"@descope/sdk-helpers@0.8.0":
  version "0.8.0"
  resolved "https://registry.yarnpkg.com/@descope/sdk-helpers/-/sdk-helpers-0.8.0.tgz#c918073f3a05b519325dfa3b3e71ad1df74da3e6"
  integrity sha512-WeSxLrmuP6jYqcmqDeTFmCkFkhYF8/pt2/LMcfNZPz3UPcwy9SnshaCobu/WgFs+55aYF6A+y1SutyNOjEa9uA==
  dependencies:
    tslib "2.8.1"

"@descope/sdk-mixins@0.21.0":
  version "0.21.0"
  resolved "https://registry.yarnpkg.com/@descope/sdk-mixins/-/sdk-mixins-0.21.0.tgz#fa4df254060ac6cd6725b487542a96ef53ce4dc2"
  integrity sha512-S0hRNOHLkxW/Ee+RuweJS3W+VEhmZSEZByhFabCq4+Vs9n9S3uu9CwkyS+p72QUfDgcZvfeifMP0ex/njZGhWQ==
  dependencies:
    "@descope/sdk-component-drivers" "0.13.0"
    "@descope/sdk-helpers" "0.8.0"
    tslib "2.8.1"

"@descope/tenant-profile-widget@0.7.4":
  version "0.7.4"
  resolved "https://registry.yarnpkg.com/@descope/tenant-profile-widget/-/tenant-profile-widget-0.7.4.tgz#ee45d16137fffdfe16eec148599041bfecec2a4c"
  integrity sha512-P1/4kouweza42nJ2CnyoVtPKrAqpq3dJcnvfxPKCMg2RVAODNdFXavTb/SlKr4C/+wYI0zhPXwzWq1YoxDocNw==
  dependencies:
    "@descope/sdk-component-drivers" "0.13.0"
    "@descope/sdk-helpers" "0.8.0"
    "@descope/sdk-mixins" "0.21.0"
    "@descope/web-component" "3.69.3"
    "@descope/web-js-sdk" "1.51.0"
    "@reduxjs/toolkit" "^2.0.1"
    immer "^10.0.3"
    redux "5.0.1"
    redux-thunk "3.1.0"
    reselect "5.1.1"
    tslib "2.8.1"
  optionalDependencies:
    "@descope/core-js-sdk" "2.65.0"

"@descope/user-management-widget@0.14.4":
  version "0.14.4"
  resolved "https://registry.yarnpkg.com/@descope/user-management-widget/-/user-management-widget-0.14.4.tgz#490a7ecfbecc3fd2b2ade4e662e8d34c70fcdc08"
  integrity sha512-yse+slqkh7DxSxaA7cL1OglRfOK9F7vZBv7rJxnCVP4N9YCPX+YhTocu+al+tc8B0AsRoGXgzlgq7zXKmuIwcg==
  dependencies:
    "@descope/sdk-component-drivers" "0.13.0"
    "@descope/sdk-helpers" "0.8.0"
    "@descope/sdk-mixins" "0.21.0"
    "@descope/web-component" "3.69.3"
    "@descope/web-js-sdk" "1.51.0"
    "@reduxjs/toolkit" "^2.0.1"
    immer "^10.0.3"
    libphonenumber-js "1.11.17"
    redux "5.0.1"
    redux-thunk "3.1.0"
    reselect "5.1.1"
    tslib "2.8.1"

"@descope/user-profile-widget@0.12.5":
  version "0.12.5"
  resolved "https://registry.yarnpkg.com/@descope/user-profile-widget/-/user-profile-widget-0.12.5.tgz#fcc2898206ad6702214590c5851ab9b43d761e23"
  integrity sha512-cui1FPlSEkxwIjva34e1P63liyCE90eioD74mqDGfGSfNOKzMhCMX8ZAPOFowy5aC1upwwNjxaL4v9piAAC5Nw==
  dependencies:
    "@descope/sdk-component-drivers" "0.13.0"
    "@descope/sdk-helpers" "0.8.0"
    "@descope/sdk-mixins" "0.21.0"
    "@descope/web-component" "3.69.3"
    "@descope/web-js-sdk" "1.51.0"
    "@reduxjs/toolkit" "^2.0.1"
    immer "^10.0.3"
    redux "5.0.1"
    redux-thunk "3.1.0"
    reselect "5.1.1"
    tslib "2.8.1"
  optionalDependencies:
    "@descope/core-js-sdk" "2.65.0"

"@descope/web-component@3.69.3":
  version "3.69.3"
  resolved "https://registry.yarnpkg.com/@descope/web-component/-/web-component-3.69.3.tgz#d1ba5e1da37c084551526bae82d803535c22b67a"
  integrity sha512-7PC5d4zKW/3o6vpsHVuDq0FMuDboNOe0HLDZtbngr6Ui48JGc/qmNsQCcRmSlkue9gTJpX73fHny23YxSDcrXA==
  dependencies:
    "@descope/escape-markdown" "0.1.6"
    "@descope/sdk-helpers" "0.8.0"
    "@descope/sdk-mixins" "0.21.0"
    "@descope/web-js-sdk" "1.51.0"
    "@fingerprintjs/fingerprintjs-pro" "3.11.6"
    tslib "2.8.1"

"@descope/web-js-sdk@1.51.0":
  version "1.51.0"
  resolved "https://registry.yarnpkg.com/@descope/web-js-sdk/-/web-js-sdk-1.51.0.tgz#4e6830185bda759fee20499afbaf38a4670428b9"
  integrity sha512-RIlB8sqTLzQhrrbh0aG5Ow4aP1J9vvGDqerEsDAVD2tlnhUgI53ld2jaJC96YTHpzgS6VgU6BEcCVebiLtvbJQ==
  dependencies:
    "@descope/core-js-sdk" "2.65.0"
    "@fingerprintjs/fingerprintjs-pro" "3.11.6"
    js-cookie "3.0.8"
    jwt-decode "4.0.0"
    tslib "2.8.1"

"@esbuild/aix-ppc64@0.25.0":
  version "0.25.0"
  resolved "https://registry.yarnpkg.com/@esbuild/aix-ppc64/-/aix-ppc64-0.25.0.tgz#499600c5e1757a524990d5d92601f0ac3ce87f64"
  integrity sha512-O7vun9Sf8DFjH2UtqK8Ku3LkquL9SZL8OLY1T5NZkA34+wG3OQF7cl4Ql8vdNzM6fzBbYfLaiRLIOZ+2FOCgBQ==

"@esbuild/android-arm64@0.25.0":
  version "0.25.0"
  resolved "https://registry.yarnpkg.com/@esbuild/android-arm64/-/android-arm64-0.25.0.tgz#b9b8231561a1dfb94eb31f4ee056b92a985c324f"
  integrity sha512-grvv8WncGjDSyUBjN9yHXNt+cq0snxXbDxy5pJtzMKGmmpPxeAmAhWxXI+01lU5rwZomDgD3kJwulEnhTRUd6g==

"@esbuild/android-arm@0.25.0":
  version "0.25.0"
  resolved "https://registry.yarnpkg.com/@esbuild/android-arm/-/android-arm-0.25.0.tgz#ca6e7888942505f13e88ac9f5f7d2a72f9facd2b"
  integrity sha512-PTyWCYYiU0+1eJKmw21lWtC+d08JDZPQ5g+kFyxP0V+es6VPPSUhM6zk8iImp2jbV6GwjX4pap0JFbUQN65X1g==

"@esbuild/android-x64@0.25.0":
  version "0.25.0"
  resolved "https://registry.yarnpkg.com/@esbuild/android-x64/-/android-x64-0.25.0.tgz#e765ea753bac442dfc9cb53652ce8bd39d33e163"
  integrity sha512-m/ix7SfKG5buCnxasr52+LI78SQ+wgdENi9CqyCXwjVR2X4Jkz+BpC3le3AoBPYTC9NHklwngVXvbJ9/Akhrfg==

"@esbuild/darwin-arm64@0.25.0":
  version "0.25.0"
  resolved "https://registry.yarnpkg.com/@esbuild/darwin-arm64/-/darwin-arm64-0.25.0.tgz#fa394164b0d89d4fdc3a8a21989af70ef579fa2c"
  integrity sha512-mVwdUb5SRkPayVadIOI78K7aAnPamoeFR2bT5nszFUZ9P8UpK4ratOdYbZZXYSqPKMHfS1wdHCJk1P1EZpRdvw==

"@esbuild/darwin-x64@0.25.0":
  version "0.25.0"
  resolved "https://registry.yarnpkg.com/@esbuild/darwin-x64/-/darwin-x64-0.25.0.tgz#91979d98d30ba6e7d69b22c617cc82bdad60e47a"
  integrity sha512-DgDaYsPWFTS4S3nWpFcMn/33ZZwAAeAFKNHNa1QN0rI4pUjgqf0f7ONmXf6d22tqTY+H9FNdgeaAa+YIFUn2Rg==

"@esbuild/freebsd-arm64@0.25.0":
  version "0.25.0"
  resolved "https://registry.yarnpkg.com/@esbuild/freebsd-arm64/-/freebsd-arm64-0.25.0.tgz#b97e97073310736b430a07b099d837084b85e9ce"
  integrity sha512-VN4ocxy6dxefN1MepBx/iD1dH5K8qNtNe227I0mnTRjry8tj5MRk4zprLEdG8WPyAPb93/e4pSgi1SoHdgOa4w==

"@esbuild/freebsd-x64@0.25.0":
  version "0.25.0"
  resolved "https://registry.yarnpkg.com/@esbuild/freebsd-x64/-/freebsd-x64-0.25.0.tgz#f3b694d0da61d9910ec7deff794d444cfbf3b6e7"
  integrity sha512-mrSgt7lCh07FY+hDD1TxiTyIHyttn6vnjesnPoVDNmDfOmggTLXRv8Id5fNZey1gl/V2dyVK1VXXqVsQIiAk+A==

"@esbuild/linux-arm64@0.25.0":
  version "0.25.0"
  resolved "https://registry.yarnpkg.com/@esbuild/linux-arm64/-/linux-arm64-0.25.0.tgz#f921f699f162f332036d5657cad9036f7a993f73"
  integrity sha512-9QAQjTWNDM/Vk2bgBl17yWuZxZNQIF0OUUuPZRKoDtqF2k4EtYbpyiG5/Dk7nqeK6kIJWPYldkOcBqjXjrUlmg==

"@esbuild/linux-arm@0.25.0":
  version "0.25.0"
  resolved "https://registry.yarnpkg.com/@esbuild/linux-arm/-/linux-arm-0.25.0.tgz#cc49305b3c6da317c900688995a4050e6cc91ca3"
  integrity sha512-vkB3IYj2IDo3g9xX7HqhPYxVkNQe8qTK55fraQyTzTX/fxaDtXiEnavv9geOsonh2Fd2RMB+i5cbhu2zMNWJwg==

"@esbuild/linux-ia32@0.25.0":
  version "0.25.0"
  resolved "https://registry.yarnpkg.com/@esbuild/linux-ia32/-/linux-ia32-0.25.0.tgz#3e0736fcfab16cff042dec806247e2c76e109e19"
  integrity sha512-43ET5bHbphBegyeqLb7I1eYn2P/JYGNmzzdidq/w0T8E2SsYL1U6un2NFROFRg1JZLTzdCoRomg8Rvf9M6W6Gg==

"@esbuild/linux-loong64@0.25.0":
  version "0.25.0"
  resolved "https://registry.yarnpkg.com/@esbuild/linux-loong64/-/linux-loong64-0.25.0.tgz#ea2bf730883cddb9dfb85124232b5a875b8020c7"
  integrity sha512-fC95c/xyNFueMhClxJmeRIj2yrSMdDfmqJnyOY4ZqsALkDrrKJfIg5NTMSzVBr5YW1jf+l7/cndBfP3MSDpoHw==

"@esbuild/linux-mips64el@0.25.0":
  version "0.25.0"
  resolved "https://registry.yarnpkg.com/@esbuild/linux-mips64el/-/linux-mips64el-0.25.0.tgz#4cababb14eede09248980a2d2d8b966464294ff1"
  integrity sha512-nkAMFju7KDW73T1DdH7glcyIptm95a7Le8irTQNO/qtkoyypZAnjchQgooFUDQhNAy4iu08N79W4T4pMBwhPwQ==

"@esbuild/linux-ppc64@0.25.0":
  version "0.25.0"
  resolved "https://registry.yarnpkg.com/@esbuild/linux-ppc64/-/linux-ppc64-0.25.0.tgz#8860a4609914c065373a77242e985179658e1951"
  integrity sha512-NhyOejdhRGS8Iwv+KKR2zTq2PpysF9XqY+Zk77vQHqNbo/PwZCzB5/h7VGuREZm1fixhs4Q/qWRSi5zmAiO4Fw==

"@esbuild/linux-riscv64@0.25.0":
  version "0.25.0"
  resolved "https://registry.yarnpkg.com/@esbuild/linux-riscv64/-/linux-riscv64-0.25.0.tgz#baf26e20bb2d38cfb86ee282dff840c04f4ed987"
  integrity sha512-5S/rbP5OY+GHLC5qXp1y/Mx//e92L1YDqkiBbO9TQOvuFXM+iDqUNG5XopAnXoRH3FjIUDkeGcY1cgNvnXp/kA==

"@esbuild/linux-s390x@0.25.0":
  version "0.25.0"
  resolved "https://registry.yarnpkg.com/@esbuild/linux-s390x/-/linux-s390x-0.25.0.tgz#8323afc0d6cb1b6dc6e9fd21efd9e1542c3640a4"
  integrity sha512-XM2BFsEBz0Fw37V0zU4CXfcfuACMrppsMFKdYY2WuTS3yi8O1nFOhil/xhKTmE1nPmVyvQJjJivgDT+xh8pXJA==

"@esbuild/linux-x64@0.25.0":
  version "0.25.0"
  resolved "https://registry.yarnpkg.com/@esbuild/linux-x64/-/linux-x64-0.25.0.tgz#08fcf60cb400ed2382e9f8e0f5590bac8810469a"
  integrity sha512-9yl91rHw/cpwMCNytUDxwj2XjFpxML0y9HAOH9pNVQDpQrBxHy01Dx+vaMu0N1CKa/RzBD2hB4u//nfc+Sd3Cw==

"@esbuild/netbsd-arm64@0.25.0":
  version "0.25.0"
  resolved "https://registry.yarnpkg.com/@esbuild/netbsd-arm64/-/netbsd-arm64-0.25.0.tgz#935c6c74e20f7224918fbe2e6c6fe865b6c6ea5b"
  integrity sha512-RuG4PSMPFfrkH6UwCAqBzauBWTygTvb1nxWasEJooGSJ/NwRw7b2HOwyRTQIU97Hq37l3npXoZGYMy3b3xYvPw==

"@esbuild/netbsd-x64@0.25.0":
  version "0.25.0"
  resolved "https://registry.yarnpkg.com/@esbuild/netbsd-x64/-/netbsd-x64-0.25.0.tgz#414677cef66d16c5a4d210751eb2881bb9c1b62b"
  integrity sha512-jl+qisSB5jk01N5f7sPCsBENCOlPiS/xptD5yxOx2oqQfyourJwIKLRA2yqWdifj3owQZCL2sn6o08dBzZGQzA==

"@esbuild/openbsd-arm64@0.25.0":
  version "0.25.0"
  resolved "https://registry.yarnpkg.com/@esbuild/openbsd-arm64/-/openbsd-arm64-0.25.0.tgz#8fd55a4d08d25cdc572844f13c88d678c84d13f7"
  integrity sha512-21sUNbq2r84YE+SJDfaQRvdgznTD8Xc0oc3p3iW/a1EVWeNj/SdUCbm5U0itZPQYRuRTW20fPMWMpcrciH2EJw==

"@esbuild/openbsd-x64@0.25.0":
  version "0.25.0"
  resolved "https://registry.yarnpkg.com/@esbuild/openbsd-x64/-/openbsd-x64-0.25.0.tgz#0c48ddb1494bbc2d6bcbaa1429a7f465fa1dedde"
  integrity sha512-2gwwriSMPcCFRlPlKx3zLQhfN/2WjJ2NSlg5TKLQOJdV0mSxIcYNTMhk3H3ulL/cak+Xj0lY1Ym9ysDV1igceg==

"@esbuild/sunos-x64@0.25.0":
  version "0.25.0"
  resolved "https://registry.yarnpkg.com/@esbuild/sunos-x64/-/sunos-x64-0.25.0.tgz#86ff9075d77962b60dd26203d7352f92684c8c92"
  integrity sha512-bxI7ThgLzPrPz484/S9jLlvUAHYMzy6I0XiU1ZMeAEOBcS0VePBFxh1JjTQt3Xiat5b6Oh4x7UC7IwKQKIJRIg==

"@esbuild/win32-arm64@0.25.0":
  version "0.25.0"
  resolved "https://registry.yarnpkg.com/@esbuild/win32-arm64/-/win32-arm64-0.25.0.tgz#849c62327c3229467f5b5cd681bf50588442e96c"
  integrity sha512-ZUAc2YK6JW89xTbXvftxdnYy3m4iHIkDtK3CLce8wg8M2L+YZhIvO1DKpxrd0Yr59AeNNkTiic9YLf6FTtXWMw==

"@esbuild/win32-ia32@0.25.0":
  version "0.25.0"
  resolved "https://registry.yarnpkg.com/@esbuild/win32-ia32/-/win32-ia32-0.25.0.tgz#f62eb480cd7cca088cb65bb46a6db25b725dc079"
  integrity sha512-eSNxISBu8XweVEWG31/JzjkIGbGIJN/TrRoiSVZwZ6pkC6VX4Im/WV2cz559/TXLcYbcrDN8JtKgd9DJVIo8GA==

"@esbuild/win32-x64@0.25.0":
  version "0.25.0"
  resolved "https://registry.yarnpkg.com/@esbuild/win32-x64/-/win32-x64-0.25.0.tgz#c8e119a30a7c8d60b9d2e22d2073722dde3b710b"
  integrity sha512-ZENoHJBxA20C2zFzh6AI4fT6RraMzjYw4xKWemRTRmRVtN9c5DcH9r/f2ihEkMjOW5eGgrwCslG/+Y/3bL+DHQ==

"@fingerprintjs/fingerprintjs-pro@3.11.6":
  version "3.11.6"
  resolved "https://registry.yarnpkg.com/@fingerprintjs/fingerprintjs-pro/-/fingerprintjs-pro-3.11.6.tgz#1d3a8b1f662b5eeb45581bfee1f79601cc467eb2"
  integrity sha512-ohN4lorSzV0fzs8fELWuO3bvMMfzF5qyQSOWBvqwGaq6yPP+XSRJOeFdFFiwAqFWYJDEoDOlQluGfa0Rfk7mAQ==
  dependencies:
    tslib "^2.4.1"

"@hotwired/stimulus@^3.2.2":
  version "3.2.2"
  resolved "https://registry.npmjs.org/@hotwired/stimulus/-/stimulus-3.2.2.tgz"
  integrity sha512-eGeIqNOQpXoPAIP7tC1+1Yc1yl1xnwYqg+3mzqxyrbE5pg5YFBZcA6YoTiByJB6DKAEsiWtl6tjTJS4IYtbB7A==

"@hotwired/turbo-rails@^8.0.4":
  version "8.0.4"
  resolved "https://registry.npmjs.org/@hotwired/turbo-rails/-/turbo-rails-8.0.4.tgz"
  integrity sha512-GHCv5+B2VzYZZvMFpg/g9JLx/8pl/8chcubSB7T+Xn1zYOMqAKB6cT80vvWUzxdwfm/2KfaRysfDz+BmvtjFaw==
  dependencies:
    "@hotwired/turbo" "^8.0.4"
    "@rails/actioncable" "^7.0"

"@hotwired/turbo@^8.0.4":
  version "8.0.23"
  resolved "https://registry.yarnpkg.com/@hotwired/turbo/-/turbo-8.0.23.tgz#a6eebc9ab4a5faadae265a4cbec8cfcb5731e77c"
  integrity sha512-GZ7cijxEZ6Ig71u7rD6LHaRv/wcE/hNsc+nEfiWOkLNqUgLOwo5MNGWOy5ZV9ZUDSiQx1no7YxjTNnT4O6//cQ==

"@popperjs/core@^2.11.8":
  version "2.11.8"
  resolved "https://registry.npmjs.org/@popperjs/core/-/core-2.11.8.tgz"
  integrity sha512-P1st0aksCrn9sGZhp8GMYwBnQsbvAWsZAX44oXNNvLHGqAOcoVxmjZiohstwQ7SqKnbR47akdNi+uleWD8+g6A==

"@rails/actioncable@^7.0":
  version "7.1.3"
  resolved "https://registry.npmjs.org/@rails/actioncable/-/actioncable-7.1.3.tgz"
  integrity sha512-ojNvnoZtPN0pYvVFtlO7dyEN9Oml1B6IDM+whGKVak69MMYW99lC2NOWXWeE3bmwEydbP/nn6ERcpfjHVjYQjA==

"@reduxjs/toolkit@^2.0.1":
  version "2.2.3"
  resolved "https://registry.npmjs.org/@reduxjs/toolkit/-/toolkit-2.2.3.tgz"
  integrity sha512-76dll9EnJXg4EVcI5YNxZA/9hSAmZsFqzMmNRHvIlzw2WS/twfcVX3ysYrWGJMClwEmChQFC4yRq74tn6fdzRA==
  dependencies:
    immer "^10.0.3"
    redux "^5.0.1"
    redux-thunk "^3.1.0"
    reselect "^5.0.1"

abbrev@1:
  version "1.1.1"
  resolved "https://registry.npmjs.org/abbrev/-/abbrev-1.1.1.tgz"
  integrity sha512-nne9/IiQ/hzIhY6pdDnbBtz7DjPTKrY00P/zvPSm5pOFkl6xuGrGnXn/VtTNNfNtAfZ9/1RtehkszU9qcTii0Q==

anymatch@~3.1.2:
  version "3.1.3"
  resolved "https://registry.npmjs.org/anymatch/-/anymatch-3.1.3.tgz"
  integrity sha512-KMReFUr0B4t+D+OBkjR3KYqvocp2XaSzO55UcB6mgQMd3KbcE+mWTyvVV7D/zsdEbNnV6acZUutkiHQXvTr1Rw==
  dependencies:
    normalize-path "^3.0.0"
    picomatch "^2.0.4"

balanced-match@^1.0.0:
  version "1.0.2"
  resolved "https://registry.npmjs.org/balanced-match/-/balanced-match-1.0.2.tgz"
  integrity sha512-3oSeUO0TMV67hN1AmbXsK4yaqU7tjiHlbxRDZOpH0KW9+CeX4bRAaX0Anxt0tx2MrpRpWwQaPwIlISEJhYU5Pw==

binary-extensions@^2.0.0:
  version "2.2.0"
  resolved "https://registry.npmjs.org/binary-extensions/-/binary-extensions-2.2.0.tgz"
  integrity sha512-jDctJ/IVQbZoJykoeHbhXpOlNBqGNcwXJKJog42E5HDPUwQTSdjCHdihjj0DlnheQ7blbT6dHOafNAiS8ooQKA==

bootstrap-icons@^1.11.3:
  version "1.11.3"
  resolved "https://registry.npmjs.org/bootstrap-icons/-/bootstrap-icons-1.11.3.tgz"
  integrity sha512-+3lpHrCw/it2/7lBL15VR0HEumaBss0+f/Lb6ZvHISn1mlK83jjFpooTLsMWbIjJMDjDjOExMsTxnXSIT4k4ww==

bootstrap@^5.3.3:
  version "5.3.3"
  resolved "https://registry.npmjs.org/bootstrap/-/bootstrap-5.3.3.tgz"
  integrity sha512-8HLCdWgyoMguSO9o+aH+iuZ+aht+mzW0u3HIMzVu7Srrpv7EBBxTnrFlSCskwdY1+EOFQSm7uMJhNQHkdPcmjg==

brace-expansion@^1.1.7:
  version "1.1.15"
  resolved "https://registry.yarnpkg.com/brace-expansion/-/brace-expansion-1.1.15.tgz#a6d90d54067236e5f42570a3b7378d594d9b7738"
  integrity sha512-EwOCDEex4quD37XhqM3omwtMoJjr//isUZz1JopUNWms+4Z2ViyM/k1YIRePpoVNnQhENnxtFjLaxNHrT7xIUg==
  dependencies:
    balanced-match "^1.0.0"
    concat-map "0.0.1"

braces@~3.0.2:
  version "3.0.3"
  resolved "https://registry.yarnpkg.com/braces/-/braces-3.0.3.tgz#490332f40919452272d55a8480adc0c441358789"
  integrity sha512-yQbXgO/OSZVD2IsiLlro+7Hf6Q18EJrKSEsdoMzKePKXct3gvD8oLcOQdIzGupr5Fj+EDe8gO/lxc1BzfMpxvA==
  dependencies:
    fill-range "^7.1.1"

"chokidar@>=3.0.0 <4.0.0", chokidar@^3.5.2:
  version "3.6.0"
  resolved "https://registry.npmjs.org/chokidar/-/chokidar-3.6.0.tgz"
  integrity sha512-7VT13fmjotKpGipCW9JEQAusEPE+Ei8nl6/g4FBAmIm0GOOLMua9NDDo/DWp0ZAxCr3cPq5ZpBqmPAQgDda2Pw==
  dependencies:
    anymatch "~3.1.2"
    braces "~3.0.2"
    glob-parent "~5.1.2"
    is-binary-path "~2.1.0"
    is-glob "~4.0.1"
    normalize-path "~3.0.0"
    readdirp "~3.6.0"
  optionalDependencies:
    fsevents "~2.3.2"

concat-map@0.0.1:
  version "0.0.1"
  resolved "https://registry.npmjs.org/concat-map/-/concat-map-0.0.1.tgz"
  integrity sha512-/Srv4dswyQNBfohGpz9o6Yb3Gz3SrUDqBH5rTuhGR7ahtlbYKnVxw2bCFMRljaA7EXHaXZ8wsHdodFvbkhKmqg==

cookie@^1.0.1:
  version "1.1.1"
  resolved "https://registry.yarnpkg.com/cookie/-/cookie-1.1.1.tgz#3bb9bdfc82369db9c2f69c93c9c3ceb310c88b3c"
  integrity sha512-ei8Aos7ja0weRpFzJnEA9UHJ/7XQmqglbRwnf2ATjcB9Wq874VKH9kfjjirM6UhU2/E5fFYadylyhFldcqSidQ==

debug@^4:
  version "4.3.4"
  resolved "https://registry.npmjs.org/debug/-/debug-4.3.4.tgz"
  integrity sha512-PRWFHuSU3eDtQJPvnNY7Jcket1j0t5OuOsFzPPzsekD52Zl8qUfFIPEiswXqIvHWGVHOgX+7G/vCNNhehwxfkQ==
  dependencies:
    ms "2.1.2"

dotenv@16.0.3:
  version "16.0.3"
  resolved "https://registry.npmjs.org/dotenv/-/dotenv-16.0.3.tgz"
  integrity sha512-7GO6HghkA5fYG9TYnNxi14/7K9f5occMlp3zXAuSxn7CKCxt9xbNWG7yF8hTCSUchlfWSe3uLmlPfigevRItzQ==

dotenv@^16.4.5:
  version "16.4.5"
  resolved "https://registry.npmjs.org/dotenv/-/dotenv-16.4.5.tgz"
  integrity sha512-ZmdL2rui+eB2YwhsWzjInR8LldtZHGDoQ1ugH85ppHKwpUHL7j7rN0Ti9NCnGiQbhaZ11FpR+7ao1dNsmduNUg==

env@^0.0.2:
  version "0.0.2"
  resolved "https://registry.npmjs.org/env/-/env-0.0.2.tgz"
  integrity sha512-yP8LfjO4ughSHD/3HgLPinWzexmaOGvRfs2TFx0SZhOm7j1xPi9evjuGcLiNVHIGLmcsgMak4eDbBzlYqGIVxw==

esbuild-envfile-plugin@^1.0.5:
  version "1.0.5"
  resolved "https://registry.npmjs.org/esbuild-envfile-plugin/-/esbuild-envfile-plugin-1.0.5.tgz"
  integrity sha512-AT6mUTI4pbVodwLRYOrXYeXmFCAKO3SpRqAktS0IlKvpohTgvw/cYWUgkOXpB46BhMwhjwucBKO5UVejNg/DPg==
  dependencies:
    dotenv "16.0.3"

esbuild@^0.25.0:
  version "0.25.0"
  resolved "https://registry.yarnpkg.com/esbuild/-/esbuild-0.25.0.tgz#0de1787a77206c5a79eeb634a623d39b5006ce92"
  integrity sha512-BXq5mqc8ltbaN34cDqWuYKyNhX8D/Z0J1xdtdQ8UcIIIyJyz+ZMKUt58tF3SrZ85jcfN/PZYhjR5uDQAYNVbuw==
  optionalDependencies:
    "@esbuild/aix-ppc64" "0.25.0"
    "@esbuild/android-arm" "0.25.0"
    "@esbuild/android-arm64" "0.25.0"
    "@esbuild/android-x64" "0.25.0"
    "@esbuild/darwin-arm64" "0.25.0"
    "@esbuild/darwin-x64" "0.25.0"
    "@esbuild/freebsd-arm64" "0.25.0"
    "@esbuild/freebsd-x64" "0.25.0"
    "@esbuild/linux-arm" "0.25.0"
    "@esbuild/linux-arm64" "0.25.0"
    "@esbuild/linux-ia32" "0.25.0"
    "@esbuild/linux-loong64" "0.25.0"
    "@esbuild/linux-mips64el" "0.25.0"
    "@esbuild/linux-ppc64" "0.25.0"
    "@esbuild/linux-riscv64" "0.25.0"
    "@esbuild/linux-s390x" "0.25.0"
    "@esbuild/linux-x64" "0.25.0"
    "@esbuild/netbsd-arm64" "0.25.0"
    "@esbuild/netbsd-x64" "0.25.0"
    "@esbuild/openbsd-arm64" "0.25.0"
    "@esbuild/openbsd-x64" "0.25.0"
    "@esbuild/sunos-x64" "0.25.0"
    "@esbuild/win32-arm64" "0.25.0"
    "@esbuild/win32-ia32" "0.25.0"
    "@esbuild/win32-x64" "0.25.0"

fill-range@^7.1.1:
  version "7.1.1"
  resolved "https://registry.yarnpkg.com/fill-range/-/fill-range-7.1.1.tgz#44265d3cac07e3ea7dc247516380643754a05292"
  integrity sha512-YsGpe3WHLK8ZYi4tWDg2Jy3ebRz2rXowDxnld4bkQB00cc/1Zw9AWnC0i9ztDJitivtQvaI9KaLyKrc+hBW0yg==
  dependencies:
    to-regex-range "^5.0.1"

fsevents@~2.3.2:
  version "2.3.3"
  resolved "https://registry.npmjs.org/fsevents/-/fsevents-2.3.3.tgz"
  integrity sha512-5xoDfX+fL7faATnagmWPpbFtwh/R77WmMMqqHGS65C3vvB0YHrgF+B1YmZ3441tMj5n63k0212XNoJwzlhffQw==

glob-parent@~5.1.2:
  version "5.1.2"
  resolved "https://registry.npmjs.org/glob-parent/-/glob-parent-5.1.2.tgz"
  integrity sha512-AOIgSQCepiJYwP3ARnGx+5VnTu2HBYdzbGP45eLw1vr3zB3vZLeyed1sC9hnbcOc9/SrMyM5RPQrkGz4aS9Zow==
  dependencies:
    is-glob "^4.0.1"

has-flag@^3.0.0:
  version "3.0.0"
  resolved "https://registry.npmjs.org/has-flag/-/has-flag-3.0.0.tgz"
  integrity sha512-sKJf1+ceQBr4SMkvQnBDNDtf4TXpVhVGateu0t918bl30FnbE2m4vNLX+VWe/dpjlb+HugGYzW7uQXH98HPEYw==

ignore-by-default@^1.0.1:
  version "1.0.1"
  resolved "https://registry.npmjs.org/ignore-by-default/-/ignore-by-default-1.0.1.tgz"
  integrity sha512-Ius2VYcGNk7T90CppJqcIkS5ooHUZyIQK+ClZfMfMNFEF9VSE73Fq+906u/CWu92x4gzZMWOwfFYckPObzdEbA==

immer@^10.0.3:
  version "10.0.4"
  resolved "https://registry.npmjs.org/immer/-/immer-10.0.4.tgz"
  integrity sha512-cuBuGK40P/sk5IzWa9QPUaAdvPHjkk1c+xYsd9oZw+YQQEV+10G0P5uMpGctZZKnyQ+ibRO08bD25nWLmYi2pw==

immutable@^4.0.0:
  version "4.3.8"
  resolved "https://registry.yarnpkg.com/immutable/-/immutable-4.3.8.tgz#02d183c7727fb2bb1d5d0380da0d779dce9296a7"
  integrity sha512-d/Ld9aLbKpNwyl0KiM2CT1WYvkitQ1TSvmRtkcV8FKStiDoA7Slzgjmb/1G2yhKM1p0XeNOieaTbFZmU1d3Xuw==

is-binary-path@~2.1.0:
  version "2.1.0"
  resolved "https://registry.npmjs.org/is-binary-path/-/is-binary-path-2.1.0.tgz"
  integrity sha512-ZMERYes6pDydyuGidse7OsHxtbI7WVeUEozgR/g7rd0xUimYNlvZRE/K2MgZTjWy725IfelLeVcEM97mmtRGXw==
  dependencies:
    binary-extensions "^2.0.0"

is-extglob@^2.1.1:
  version "2.1.1"
  resolved "https://registry.npmjs.org/is-extglob/-/is-extglob-2.1.1.tgz"
  integrity sha512-SbKbANkN603Vi4jEZv49LeVJMn4yGwsbzZworEoyEiutsN3nJYdbO36zfhGJ6QEDpOZIFkDtnq5JRxmvl3jsoQ==

is-glob@^4.0.1, is-glob@~4.0.1:
  version "4.0.3"
  resolved "https://registry.npmjs.org/is-glob/-/is-glob-4.0.3.tgz"
  integrity sha512-xelSayHH36ZgE7ZWhli7pW34hNbNl8Ojv5KVmkJD4hBdD3th8Tfk9vYasLM+mXWOZhFkgZfxhLSnrwRr4elSSg==
  dependencies:
    is-extglob "^2.1.1"

is-number@^7.0.0:
  version "7.0.0"
  resolved "https://registry.npmjs.org/is-number/-/is-number-7.0.0.tgz"
  integrity sha512-41Cifkg6e8TylSpdtTpeLVMqvSBEVzTttHvERD741+pnZ8ANv0004MRL43QKPDlK9cGvNp6NZWZUBlbGXYxxng==

js-cookie@3.0.8:
  version "3.0.8"
  resolved "https://registry.yarnpkg.com/js-cookie/-/js-cookie-3.0.8.tgz#444e6f4b27a5d844594fef61c9d6bca5f0787688"
  integrity sha512-yeJd4aNAdYZQjaon2bpD/Gb0B/omw7HQOsynXXcOiWVCacbBcPlgn8S/d1X6blFSaHao7ozqtW7NZW19xpCtIw==

"js-tokens@^3.0.0 || ^4.0.0":
  version "4.0.0"
  resolved "https://registry.npmjs.org/js-tokens/-/js-tokens-4.0.0.tgz"
  integrity sha512-RdJUflcE3cUzKiMqQgsCu06FPu9UdIJO0beYbPhHN4k6apgJtifcoCtT9bcxOpYBtpD2kCM6Sbzg4CausW/PKQ==

jwt-decode@4.0.0:
  version "4.0.0"
  resolved "https://registry.yarnpkg.com/jwt-decode/-/jwt-decode-4.0.0.tgz#2270352425fd413785b2faf11f6e755c5151bd4b"
  integrity sha512-+KJGIyHgkGuIq3IEBNftfhW/LfWhXUIY6OmyVWjliu5KH1y0fw7VQ8YndE2O4qZdMSd9SqbnC8GOcZEy0Om7sA==

libphonenumber-js@1.11.17:
  version "1.11.17"
  resolved "https://registry.yarnpkg.com/libphonenumber-js/-/libphonenumber-js-1.11.17.tgz#37ddbf16dc4dd45c723a150996c253c58dad034b"
  integrity sha512-Jr6v8thd5qRlOlc6CslSTzGzzQW03uiscab7KHQZX1Dfo4R6n6FDhZ0Hri6/X7edLIDv9gl4VMZXhxTjLnl0VQ==

loose-envify@^1.1.0:
  version "1.4.0"
  resolved "https://registry.npmjs.org/loose-envify/-/loose-envify-1.4.0.tgz"
  integrity sha512-lyuxPGr/Wfhrlem2CL/UcnUc1zcqKAImBDzukY7Y5F/yQiNdko6+fRLevlw1HgMySw7f611UIY408EtxRSoK3Q==
  dependencies:
    js-tokens "^3.0.0 || ^4.0.0"

lru-cache@^6.0.0:
  version "6.0.0"
  resolved "https://registry.npmjs.org/lru-cache/-/lru-cache-6.0.0.tgz"
  integrity sha512-Jo6dJ04CmSjuznwJSS3pUeWmd/H0ffTlkXXgwZi+eq1UCmqQwCh+eLsYOYCwY991i2Fah4h1BEMCx4qThGbsiA==
  dependencies:
    yallist "^4.0.0"

minimatch@^3.1.2:
  version "3.1.5"
  resolved "https://registry.yarnpkg.com/minimatch/-/minimatch-3.1.5.tgz#580c88f8d5445f2bd6aa8f3cadefa0de79fbd69e"
  integrity sha512-VgjWUsnnT6n+NUk6eZq77zeFdpW2LWDzP6zFGrCbHXiYNul5Dzqk2HHQ5uFH2DNW5Xbp8+jVzaeNt94ssEEl4w==
  dependencies:
    brace-expansion "^1.1.7"

ms@2.1.2:
  version "2.1.2"
  resolved "https://registry.npmjs.org/ms/-/ms-2.1.2.tgz"
  integrity sha512-sGkPx+VjMtmA6MX27oA4FBFELFCZZ4S4XqeGOXCv68tT+jb3vk/RyaKWP0PTKyWtmLSM0b+adUTEvbs1PEaH2w==

nodemon@^3.1.0:
  version "3.1.0"
  resolved "https://registry.npmjs.org/nodemon/-/nodemon-3.1.0.tgz"
  integrity sha512-xqlktYlDMCepBJd43ZQhjWwMw2obW/JRvkrLxq5RCNcuDDX1DbcPT+qT1IlIIdf+DhnWs90JpTMe+Y5KxOchvA==
  dependencies:
    chokidar "^3.5.2"
    debug "^4"
    ignore-by-default "^1.0.1"
    minimatch "^3.1.2"
    pstree.remy "^1.1.8"
    semver "^7.5.3"
    simple-update-notifier "^2.0.0"
    supports-color "^5.5.0"
    touch "^3.1.0"
    undefsafe "^2.0.5"

nopt@~1.0.10:
  version "1.0.10"
  resolved "https://registry.npmjs.org/nopt/-/nopt-1.0.10.tgz"
  integrity sha512-NWmpvLSqUrgrAC9HCuxEvb+PSloHpqVu+FqcO4eeF2h5qYRhA7ev6KvelyQAKtegUbC6RypJnlEOhd8vloNKYg==
  dependencies:
    abbrev "1"

normalize-path@^3.0.0, normalize-path@~3.0.0:
  version "3.0.0"
  resolved "https://registry.npmjs.org/normalize-path/-/normalize-path-3.0.0.tgz"
  integrity sha512-6eZs5Ls3WtCisHWp9S2GUy8dqkpGi4BVSz3GaqiE6ezub0512ESztXUwUB6C6IKbQkY2Pnb/mD4WYojCRwcwLA==

picomatch@^2.0.4, picomatch@^2.2.1:
  version "2.3.1"
  resolved "https://registry.npmjs.org/picomatch/-/picomatch-2.3.1.tgz"
  integrity sha512-JU3teHTNjmE2VCGFzuY8EXzCDVwEqB2a8fsIvwaStHhAWJEeVd1o1QD80CU6+ZdEXXSLbSsuLwJjkCBWqRQUVA==

pstree.remy@^1.1.8:
  version "1.1.8"
  resolved "https://registry.npmjs.org/pstree.remy/-/pstree.remy-1.1.8.tgz"
  integrity sha512-77DZwxQmxKnu3aR542U+X8FypNzbfJ+C5XQDk3uWjWxn6151aIMGthWYRXTqT1E5oJvg+ljaa2OJi+VfvCOQ8w==

react-dom@^18.2.0:
  version "18.2.0"
  resolved "https://registry.npmjs.org/react-dom/-/react-dom-18.2.0.tgz"
  integrity sha512-6IMTriUmvsjHUjNtEDudZfuDQUoWXVxKHhlEGSk81n4YFS+r/Kl99wXiwlVXtPBtJenozv2P+hxDsw9eA7Xo6g==
  dependencies:
    loose-envify "^1.1.0"
    scheduler "^0.23.0"

react-router-dom@^7.18.0:
  version "7.18.0"
  resolved "https://registry.yarnpkg.com/react-router-dom/-/react-router-dom-7.18.0.tgz#71a657374610e00cebf2783804d7812facfdb1b5"
  integrity sha512-Fi0yY6kgtKae/Th2xibdWK0KSdYZ4B53Gyf6wRtomOKWgpNm7H7+DyfDhncdz9FKbpS+1jmDhg3F4WoGJ+yFOA==
  dependencies:
    react-router "7.18.0"

react-router@7.18.0:
  version "7.18.0"
  resolved "https://registry.yarnpkg.com/react-router/-/react-router-7.18.0.tgz#e7d94b54745277aabe3cf93fac938cbebc9c1c5e"
  integrity sha512-pTTGt8J+ji1NOmYnjzT+bAJy/1zD+Jp4ziO6cL7T3ZLvXKtusO7BpFqlRXitqpcPVqllsIXFHRMt+2/k3Xn6HQ==
  dependencies:
    cookie "^1.0.1"
    set-cookie-parser "^2.6.0"

react@^18.2.0:
  version "18.2.0"
  resolved "https://registry.npmjs.org/react/-/react-18.2.0.tgz"
  integrity sha512-/3IjMdb2L9QbBdWiW5e3P2/npwMBaU9mHCSCUzNln0ZCYbcfTsGbTJrU/kGemdH2IWmB2ioZ+zkxtmq6g09fGQ==
  dependencies:
    loose-envify "^1.1.0"

readdirp@~3.6.0:
  version "3.6.0"
  resolved "https://registry.npmjs.org/readdirp/-/readdirp-3.6.0.tgz"
  integrity sha512-hOS089on8RduqdbhvQ5Z37A0ESjsqz6qnRcffsMU3495FuTdqSm+7bhJ29JvIOsBDEEnan5DPu9t3To9VRlMzA==
  dependencies:
    picomatch "^2.2.1"

redux-thunk@3.1.0, redux-thunk@^3.1.0:
  version "3.1.0"
  resolved "https://registry.npmjs.org/redux-thunk/-/redux-thunk-3.1.0.tgz"
  integrity sha512-NW2r5T6ksUKXCabzhL9z+h206HQw/NJkcLm1GPImRQ8IzfXwRGqjVhKJGauHirT0DAuyy6hjdnMZaRoAcy0Klw==

redux@5.0.1, redux@^5.0.1:
  version "5.0.1"
  resolved "https://registry.npmjs.org/redux/-/redux-5.0.1.tgz"
  integrity sha512-M9/ELqF6fy8FwmkpnF0S3YKOqMyoWJ4+CS5Efg2ct3oY9daQvd/Pc71FpGZsVsbl3Cpb+IIcjBDUnnyBdQbq4w==

reselect@5.1.1:
  version "5.1.1"
  resolved "https://registry.yarnpkg.com/reselect/-/reselect-5.1.1.tgz#c766b1eb5d558291e5e550298adb0becc24bb72e"
  integrity sha512-K/BG6eIky/SBpzfHZv/dd+9JBFiS4SWV7FIujVyJRux6e45+73RaUHXLmIR1f7WOMaQ0U1km6qwklRQxpJJY0w==

reselect@^5.0.1:
  version "5.1.0"
  resolved "https://registry.npmjs.org/reselect/-/reselect-5.1.0.tgz"
  integrity sha512-aw7jcGLDpSgNDyWBQLv2cedml85qd95/iszJjN988zX1t7AVRJi19d9kto5+W7oCfQ94gyo40dVbT6g2k4/kXg==

sass@^1.75.0:
  version "1.75.0"
  resolved "https://registry.npmjs.org/sass/-/sass-1.75.0.tgz"
  integrity sha512-ShMYi3WkrDWxExyxSZPst4/okE9ts46xZmJDSawJQrnte7M1V9fScVB+uNXOVKRBt0PggHOwoZcn8mYX4trnBw==
  dependencies:
    chokidar ">=3.0.0 <4.0.0"
    immutable "^4.0.0"
    source-map-js ">=0.6.2 <2.0.0"

scheduler@^0.23.0:
  version "0.23.0"
  resolved "https://registry.npmjs.org/scheduler/-/scheduler-0.23.0.tgz"
  integrity sha512-CtuThmgHNg7zIZWAXi3AsyIzA3n4xx7aNyjwC2VJldO2LMVDhFK+63xGqq6CsJH4rTAt6/M+N4GhZiDYPx9eUw==
  dependencies:
    loose-envify "^1.1.0"

semver@^7.5.3:
  version "7.5.4"
  resolved "https://registry.npmjs.org/semver/-/semver-7.5.4.tgz"
  integrity sha512-1bCSESV6Pv+i21Hvpxp3Dx+pSD8lIPt8uVjRrxAUt/nbswYc+tK6Y2btiULjd4+fnq15PX+nqQDC7Oft7WkwcA==
  dependencies:
    lru-cache "^6.0.0"

set-cookie-parser@^2.6.0:
  version "2.7.2"
  resolved "https://registry.yarnpkg.com/set-cookie-parser/-/set-cookie-parser-2.7.2.tgz#ccd08673a9ae5d2e44ea2a2de25089e67c7edf68"
  integrity sha512-oeM1lpU/UvhTxw+g3cIfxXHyJRc/uidd3yK1P242gzHds0udQBYzs3y8j4gCCW+ZJ7ad0yctld8RYO+bdurlvw==

simple-update-notifier@^2.0.0:
  version "2.0.0"
  resolved "https://registry.npmjs.org/simple-update-notifier/-/simple-update-notifier-2.0.0.tgz"
  integrity sha512-a2B9Y0KlNXl9u/vsW6sTIu9vGEpfKu2wRV6l1H3XEas/0gUIzGzBoP/IouTcUQbm9JWZLH3COxyn03TYlFax6w==
  dependencies:
    semver "^7.5.3"

"source-map-js@>=0.6.2 <2.0.0":
  version "1.2.0"
  resolved "https://registry.npmjs.org/source-map-js/-/source-map-js-1.2.0.tgz"
  integrity sha512-itJW8lvSA0TXEphiRoawsCksnlf8SyvmFzIhltqAHluXd88pkCd+cXJVHTDwdCr0IzwptSm035IHQktUu1QUMg==

supports-color@^5.5.0:
  version "5.5.0"
  resolved "https://registry.npmjs.org/supports-color/-/supports-color-5.5.0.tgz"
  integrity sha512-QjVjwdXIt408MIiAqCX4oUKsgU2EqAGzs2Ppkm4aQYbjm+ZEWEcW4SfFNTr4uMNZma0ey4f5lgLrkB0aX0QMow==
  dependencies:
    has-flag "^3.0.0"

to-regex-range@^5.0.1:
  version "5.0.1"
  resolved "https://registry.npmjs.org/to-regex-range/-/to-regex-range-5.0.1.tgz"
  integrity sha512-65P7iz6X5yEr1cwcgvQxbbIw7Uk3gOy5dIdtZ4rDveLqhrdJP+Li/Hx6tyK0NEb+2GCyneCMJiGqrADCSNk8sQ==
  dependencies:
    is-number "^7.0.0"

touch@^3.1.0:
  version "3.1.0"
  resolved "https://registry.npmjs.org/touch/-/touch-3.1.0.tgz"
  integrity sha512-WBx8Uy5TLtOSRtIq+M03/sKDrXCLHxwDcquSP2c43Le03/9serjQBIztjRz6FkJez9D/hleyAXTBGLwwZUw9lA==
  dependencies:
    nopt "~1.0.10"

tslib@2.8.1:
  version "2.8.1"
  resolved "https://registry.yarnpkg.com/tslib/-/tslib-2.8.1.tgz#612efe4ed235d567e8aba5f2a5fab70280ade83f"
  integrity sha512-oJFu94HQb+KVduSUQL7wnpmqnfmLsOA/nAh6b6EH0wCEoK0/mPeXU6c3wKDV83MkOuHPRHtSXKKU99IBazS/2w==

tslib@^2.4.1:
  version "2.6.2"
  resolved "https://registry.npmjs.org/tslib/-/tslib-2.6.2.tgz"
  integrity sha512-AEYxH93jGFPn/a2iVAwW87VuUIkR1FVUKB77NwMF7nBTDkDrrT/Hpt/IrCJ0QXhW27jTBDcf5ZY7w6RiqTMw2Q==

undefsafe@^2.0.5:
  version "2.0.5"
  resolved "https://registry.npmjs.org/undefsafe/-/undefsafe-2.0.5.tgz"
  integrity sha512-WxONCrssBM8TSPRqN5EmsjVrsv4A8X12J4ArBiiayv3DyyG3ZlIg6yysuuSYdZsVz3TKcTg2fd//Ujd4CHV1iA==

yallist@^4.0.0:
  version "4.0.0"
  resolved "https://registry.npmjs.org/yallist/-/yallist-4.0.0.tgz"
  integrity sha512-3wdGidZyq5PB084XLES5TpOSRA3wjXAlIWMhum2kRcv/41Sn2emQ0dycQW4uZXLejwKvg6EsvbdlVL+FYEct7A==
